// !$*UTF8*$!
{
	archiveVersion = 1;
	classes = {
	};
	objectVersion = 55;
	objects = {

/* Begin PBXBuildFile section */
		3157215B28214FD80018409F /* LandmarksDetailView.swift in Sources */ = {isa = PBXBuildFile; fileRef = 3157215A28214FD80018409F /* LandmarksDetailView.swift */; };
		3157215D282150170018409F /* LandmarksListView.swift in Sources */ = {isa = PBXBuildFile; fileRef = 3157215C282150170018409F /* LandmarksListView.swift */; };
		3157215F282150340018409F /* LandmarksRow.swift in Sources */ = {isa = PBXBuildFile; fileRef = 3157215E282150340018409F /* LandmarksRow.swift */; };
		31572162282158240018409F /* landmarkData.json in Resources */ = {isa = PBXBuildFile; fileRef = 31572161282158240018409F /* landmarkData.json */; };
		31572165282158DA0018409F /* Landmark.swift in Sources */ = {isa = PBXBuildFile; fileRef = 31572164282158DA0018409F /* Landmark.swift */; };
		31572167282180560018409F /* ModelData.swift in Sources */ = {isa = PBXBuildFile; fileRef = 31572166282180560018409F /* ModelData.swift */; };
		3189AE3928218DA1002E07B8 /* Favoritebutton.swift in Sources */ = {isa = PBXBuildFile; fileRef = 3189AE3828218DA1002E07B8 /* Favoritebutton.swift */; };
		31DB089F28212D5A00700E3E /* LandmarksApp.swift in Sources */ = {isa = PBXBuildFile; fileRef = 31DB089E28212D5A00700E3E /* LandmarksApp.swift */; };
		31DB08A128212D5A00700E3E /* ContentView.swift in Sources */ = {isa = PBXBuildFile; fileRef = 31DB08A028212D5A00700E3E /* ContentView.swift */; };
		31DB08A328212D5C00700E3E /* Assets.xcassets in Resources */ = {isa = PBXBuildFile; fileRef = 31DB08A228212D5C00700E3E /* Assets.xcassets */; };
		31DB08A628212D5C00700E3E /* Preview Assets.xcassets in Resources */ = {isa = PBXBuildFile; fileRef = 31DB08A528212D5C00700E3E /* Preview Assets.xcassets */; };
		31DB08AE28212D8100700E3E /* FavoriteButton.swift in Sources */ = {isa = PBXBuildFile; fileRef = 31DB08AD28212D8100700E3E /* FavoriteButton.swift */; };
		31DB08B028212DB500700E3E /* MapView.swift in Sources */ = {isa = PBXBuildFile; fileRef = 31DB08AF28212DB500700E3E /* MapView.swift */; };
		31DB08B22821309C00700E3E /* ImageView.swift in Sources */ = {isa = PBXBuildFile; fileRef = 31DB08B12821309C00700E3E /* ImageView.swift */; };
		31DB08B4282130D200700E3E /* Image.xcassets in Resources */ = {isa = PBXBuildFile; fileRef = 31DB08B3282130D200700E3E /* Image.xcassets */; };
/* End PBXBuildFile section */

/* Begin PBXFileReference section */
		3157215A28214FD80018409F /* LandmarksDetailView.swift */ = {isa = PBXFileReference; lastKnownFileType = sourcecode.swift; path = LandmarksDetailView.swift; sourceTree = "<group>"; };
		3157215C282150170018409F /* LandmarksListView.swift */ = {isa = PBXFileReference; lastKnownFileType = sourcecode.swift; path = LandmarksListView.swift; sourceTree = "<group>"; };
		3157215E282150340018409F /* LandmarksRow.swift */ = {isa = PBXFileReference; lastKnownFileType = sourcecode.swift; path = LandmarksRow.swift; sourceTree = "<group>"; };
		31572161282158240018409F /* landmarkData.json */ = {isa = PBXFileReference; fileEncoding = 4; lastKnownFileType = text.json; name = landmarkData.json; path = "../../../../Downloads/BuildingListsAndNavigation-2/Resources/landmarkData.json"; sourceTree = "<group>"; };
		31572163282158280018409F /* landmarkData.json */ = {isa = PBXFileReference; lastKnownFileType = text.json; path = landmarkData.json; sourceTree = "<group>"; };
		31572164282158DA0018409F /* Landmark.swift */ = {isa = PBXFileReference; lastKnownFileType = sourcecode.swift; path = Landmark.swift; sourceTree = "<group>"; };
		31572166282180560018409F /* ModelData.swift */ = {isa = PBXFileReference; lastKnownFileType = sourcecode.swift; path = ModelData.swift; sourceTree = "<group>"; };
		3189AE3828218DA1002E07B8 /* Favoritebutton.swift */ = {isa = PBXFileReference; lastKnownFileType = sourcecode.swift; path = Favoritebutton.swift; sourceTree = "<group>"; };
		31DB089B28212D5A00700E3E /* Landmarks.app */ = {isa = PBXFileReference; explicitFileType = wrapper.application; includeInIndex = 0; path = Landmarks.app; sourceTree = BUILT_PRODUCTS_DIR; };
		31DB089E28212D5A00700E3E /* LandmarksApp.swift */ = {isa = PBXFileReference; lastKnownFileType = sourcecode.swift; path = LandmarksApp.swift; sourceTree = "<group>"; };
		31DB08A028212D5A00700E3E /* ContentView.swift */ = {isa = PBXFileReference; lastKnownFileType = sourcecode.swift; path = ContentView.swift; sourceTree = "<group>"; };
		31DB08A228212D5C00700E3E /* Assets.xcassets */ = {isa = PBXFileReference; lastKnownFileType = folder.assetcatalog; path = Assets.xcassets; sourceTree = "<group>"; };
		31DB08A528212D5C00700E3E /* Preview Assets.xcassets */ = {isa = PBXFileReference; lastKnownFileType = folder.assetcatalog; path = "Preview Assets.xcassets"; sourceTree = "<group>"; };
		31DB08AD28212D8100700E3E /* FavoriteButton.swift */ = {isa = PBXFileReference; lastKnownFileType = sourcecode.swift; path = FavoriteButton.swift; sourceTree = "<group>"; };
		31DB08AF28212DB500700E3E /* MapView.swift */ = {isa = PBXFileReference; lastKnownFileType = sourcecode.swift; path = MapView.swift; sourceTree = "<group>"; };
		31DB08B12821309C00700E3E /* ImageView.swift */ = {isa = PBXFileReference; lastKnownFileType = sourcecode.swift; path = ImageView.swift; sourceTree = "<group>"; };
		31DB08B3282130D200700E3E /* Image.xcassets */ = {isa = PBXFileReference; lastKnownFileType = folder.assetcatalog; path = Image.xcassets; sourceTree = "<group>"; };
/* End PBXFileReference section */

/* Begin PBXFrameworksBuildPhase section */
		31DB089828212D5A00700E3E /* Frameworks */ = {
			isa = PBXFrameworksBuildPhase;
			buildActionMask = 2147483647;
			files = (
			);
			runOnlyForDeploymentPostprocessing = 0;
		};
/* End PBXFrameworksBuildPhase section */

/* Begin PBXGroup section */
		315721602821580B0018409F /* Resources */ = {
			isa = PBXGroup;
			children = (
				31572163282158280018409F /* landmarkData.json */,
			);
			path = Resources;
			sourceTree = "<group>";
		};
		31DB089228212D5A00700E3E = {
			isa = PBXGroup;
			children = (
				31DB089D28212D5A00700E3E /* Landmarks */,
				31DB089C28212D5A00700E3E /* Products */,
			);
			sourceTree = "<group>";
		};
		31DB089C28212D5A00700E3E /* Products */ = {
			isa = PBXGroup;
			children = (
				31DB089B28212D5A00700E3E /* Landmarks.app */,
			);
			name = Products;
			sourceTree = "<group>";
		};
		31DB089D28212D5A00700E3E /* Landmarks */ = {
			isa = PBXGroup;
			children = (
				315721602821580B0018409F /* Resources */,
				31572161282158240018409F /* landmarkData.json */,
				31DB08B628214EA300700E3E /* data */,
				31DB08B528214E9100700E3E /* view */,
				31DB08AC28212D6A00700E3E /* helpers */,
				31DB089E28212D5A00700E3E /* LandmarksApp.swift */,
				31DB08A028212D5A00700E3E /* ContentView.swift */,
				31DB08A228212D5C00700E3E /* Assets.xcassets */,
				31DB08A428212D5C00700E3E /* Preview Content */,
				31DB08B3282130D200700E3E /* Image.xcassets */,
			);
			path = Landmarks;
			sourceTree = "<group>";
		};
		31DB08A428212D5C00700E3E /* Preview Content */ = {
			isa = PBXGroup;
			children = (
				31DB08A528212D5C00700E3E /* Preview Assets.xcassets */,
			);
			path = "Preview Content";
			sourceTree = "<group>";
		};
		31DB08AC28212D6A00700E3E /* helpers */ = {
			isa = PBXGroup;
			children = (
				31DB08AD28212D8100700E3E /* FavoriteButton.swift */,
				31DB08AF28212DB500700E3E /* MapView.swift */,
				31DB08B12821309C00700E3E /* ImageView.swift */,
			);
			path = helpers;
			sourceTree = "<group>";
		};
		31DB08B528214E9100700E3E /* view */ = {
			isa = PBXGroup;
			children = (
				3157215A28214FD80018409F /* LandmarksDetailView.swift */,
				3157215C282150170018409F /* LandmarksListView.swift */,
				3157215E282150340018409F /* LandmarksRow.swift */,
				3189AE3828218DA1002E07B8 /* Favoritebutton.swift */,
			);
			path = view;
			sourceTree = "<group>";
		};
		31DB08B628214EA300700E3E /* data */ = {
			isa = PBXGroup;
			children = (
				31572164282158DA0018409F /* Landmark.swift */,
				31572166282180560018409F /* ModelData.swift */,
			);
			path = data;
			sourceTree = "<group>";
		};
/* End PBXGroup section */

/* Begin PBXNativeTarget section */
		31DB089A28212D5A00700E3E /* Landmarks */ = {
			isa = PBXNativeTarget;
			buildConfigurationList = 31DB08A928212D5C00700E3E /* Build configuration list for PBXNativeTarget "Landmarks" */;
			buildPhases = (
				31DB089728212D5A00700E3E /* Sources */,
				31DB089828212D5A00700E3E /* Frameworks */,
				31DB089928212D5A00700E3E /* Resources */,
			);
			buildRules = (
			);
			dependencies = (
			);
			name = Landmarks;
			productName = Landmarks;
			productReference = 31DB089B28212D5A00700E3E /* Landmarks.app */;
			productType = "com.apple.product-type.application";
		};
/* End PBXNativeTarget section */

/* Begin PBXProject section */
		31DB089328212D5A00700E3E /* Project object */ = {
			isa = PBXProject;
			attributes = {
				BuildIndependentTargetsInParallel = 1;
				LastSwiftUpdateCheck = 1330;
				LastUpgradeCheck = 1330;
				TargetAttributes = {
					31DB089A28212D5A00700E3E = {
						CreatedOnToolsVersion = 13.3.1;
					};
				};
			};
			buildConfigurationList = 31DB089628212D5A00700E3E /* Build configuration list for PBXProject "Landmarks" */;
			compatibilityVersion = "Xcode 13.0";
			developmentRegion = en;
			hasScannedForEncodings = 0;
			knownRegions = (
				en,
				Base,
			);
			mainGroup = 31DB089228212D5A00700E3E;
			productRefGroup = 31DB089C28212D5A00700E3E /* Products */;
			projectDirPath = "";
			projectRoot = "";
			targets = (
				31DB089A28212D5A00700E3E /* Landmarks */,
			);
		};
/* End PBXProject section */

/* Begin PBXResourcesBuildPhase section */
		31DB089928212D5A00700E3E /* Resources */ = {
			isa = PBXResourcesBuildPhase;
			buildActionMask = 2147483647;
			files = (
				31DB08A628212D5C00700E3E /* Preview Assets.xcassets in Resources */,
				31572162282158240018409F /* landmarkData.json in Resources */,
				31DB08B4282130D200700E3E /* Image.xcassets in Resources */,
				31DB08A328212D5C00700E3E /* Assets.xcassets in Resources */,
			);
			runOnlyForDeploymentPostprocessing = 0;
		};
/* End PBXResourcesBuildPhase section */

/* Begin PBXSourcesBuildPhase section */
		31DB089728212D5A00700E3E /* Sources */ = {
			isa = PBXSourcesBuildPhase;
			buildActionMask = 2147483647;
			files = (
				31DB08B22821309C00700E3E /* ImageView.swift in Sources */,
				31DB08AE28212D8100700E3E /* FavoriteButton.swift in Sources */,
				3157215F282150340018409F /* LandmarksRow.swift in Sources */,
				31DB08B028212DB500700E3E /* MapView.swift in Sources */,
				3157215B28214FD80018409F /* LandmarksDetailView.swift in Sources */,
				31572165282158DA0018409F /* Landmark.swift in Sources */,
				31DB08A128212D5A00700E3E /* ContentView.swift in Sources */,
				31572167282180560018409F /* ModelData.swift in Sources */,
				3157215D282150170018409F /* LandmarksListView.swift in Sources */,
				3189AE3928218DA1002E07B8 /* Favoritebutton.swift in Sources */,
				31DB089F28212D5A00700E3E /* LandmarksApp.swift in Sources */,
			);
			runOnlyForDeploymentPostprocessing = 0;
		};
/* End PBXSourcesBuildPhase section */

/* Begin XCBuildConfiguration section */
		31DB08A728212D5C00700E3E /* Debug */ = {
			isa = XCBuildConfiguration;
			buildSettings = {
				ALWAYS_SEARCH_USER_PATHS = NO;
				CLANG_ANALYZER_NONNULL = YES;
				CLANG_ANALYZER_NUMBER_OBJECT_CONVERSION = YES_AGGRESSIVE;
				CLANG_CXX_LANGUAGE_STANDARD = "gnu++17";
				CLANG_ENABLE_MODULES = YES;
				CLANG_ENABLE_OBJC_ARC = YES;
				CLANG_ENABLE_OBJC_WEAK = YES;
				CLANG_WARN_BLOCK_CAPTURE_AUTORELEASING = YES;
				CLANG_WARN_BOOL_CONVERSION = YES;
				CLANG_WARN_COMMA = YES;
				CLANG_WARN_CONSTANT_CONVERSION = YES;
				CLANG_WARN_DEPRECATED_OBJC_IMPLEMENTATIONS = YES;
				CLANG_WARN_DIRECT_OBJC_ISA_USAGE = YES_ERROR;
				CLANG_WARN_DOCUMENTATION_COMMENTS = YES;
				CLANG_WARN_EMPTY_BODY = YES;
				CLANG_WARN_ENUM_CONVERSION = YES;
				CLANG_WARN_INFINITE_RECURSION = YES;
				CLANG_WARN_INT_CONVERSION = YES;
				CLANG_WARN_NON_LITERAL_NULL_CONVERSION = YES;
				CLANG_WARN_OBJC_IMPLICIT_RETAIN_SELF = YES;
				CLANG_WARN_OBJC_LITERAL_CONVERSION = YES;
				CLANG_WARN_OBJC_ROOT_CLASS = YES_ERROR;
				CLANG_WARN_QUOTED_INCLUDE_IN_FRAMEWORK_HEADER = YES;
				CLANG_WARN_RANGE_LOOP_ANALYSIS = YES;
				CLANG_WARN_STRICT_PROTOTYPES = YES;
				CLANG_WARN_SUSPICIOUS_MOVE = YES;
				CLANG_WARN_UNGUARDED_AVAILABILITY = YES_AGGRESSIVE;
				CLANG_WARN_UNREACHABLE_CODE = YES;
				CLANG_WARN__DUPLICATE_METHOD_MATCH = YES;
				COPY_PHASE_STRIP = NO;
				DEBUG_INFORMATION_FORMAT = dwarf;
				ENABLE_STRICT_OBJC_MSGSEND = YES;
				ENABLE_TESTABILITY = YES;
				GCC_C_LANGUAGE_STANDARD = gnu11;
				GCC_DYNAMIC_NO_PIC = NO;
				GCC_NO_COMMON_BLOCKS = YES;
				GCC_OPTIMIZATION_LEVEL = 0;
				GCC_PREPROCESSOR_DEFINITIONS = (
					"DEBUG=1",
					"$(inherited)",
				);
				GCC_WARN_64_TO_32_BIT_CONVERSION = YES;
				GCC_WARN_ABOUT_RETURN_TYPE = YES_ERROR;
				GCC_WARN_UNDECLARED_SELECTOR = YES;
				GCC_WARN_UNINITIALIZED_AUTOS = YES_AGGRESSIVE;
				GCC_WARN_UNUSED_FUNCTION = YES;
				GCC_WARN_UNUSED_VARIABLE = YES;
				IPHONEOS_DEPLOYMENT_TARGET = 15.4;
				MTL_ENABLE_DEBUG_INFO = INCLUDE_SOURCE;
				MTL_FAST_MATH = YES;
				ONLY_ACTIVE_ARCH = YES;
				SDKROOT = iphoneos;
				SWIFT_ACTIVE_COMPILATION_CONDITIONS = DEBUG;
				SWIFT_OPTIMIZATION_LEVEL = "-Onone";
			};
			name = Debug;
		};
		31DB08A828212D5C00700E3E /* Release */ = {
			isa = XCBuildConfiguration;
			buildSettings = {
				ALWAYS_SEARCH_USER_PATHS = NO;
				CLANG_ANALYZER_NONNULL = YES;
				CLANG_ANALYZER_NUMBER_OBJECT_CONVERSION = YES_AGGRESSIVE;
				CLANG_CXX_LANGUAGE_STANDARD = "gnu++17";
				CLANG_ENABLE_MODULES = YES;
				CLANG_ENABLE_OBJC_ARC = YES;
				CLANG_ENABLE_OBJC_WEAK = YES;
				CLANG_WARN_BLOCK_CAPTURE_AUTORELEASING = YES;
				CLANG_WARN_BOOL_CONVERSION = YES;
				CLANG_WARN_COMMA = YES;
				CLANG_WARN_CONSTANT_CONVERSION = YES;
				CLANG_WARN_DEPRECATED_OBJC_IMPLEMENTATIONS = YES;
				CLANG_WARN_DIRECT_OBJC_ISA_USAGE = YES_ERROR;
				CLANG_WARN_DOCUMENTATION_COMMENTS = YES;
				CLANG_WARN_EMPTY_BODY = YES;
				CLANG_WARN_ENUM_CONVERSION = YES;
				CLANG_WARN_INFINITE_RECURSION = YES;
				CLANG_WARN_INT_CONVERSION = YES;
				CLANG_WARN_NON_LITERAL_NULL_CONVERSION = YES;
				CLANG_WARN_OBJC_IMPLICIT_RETAIN_SELF = YES;
				CLANG_WARN_OBJC_LITERAL_CONVERSION = YES;
				CLANG_WARN_OBJC_ROOT_CLASS = YES_ERROR;
				CLANG_WARN_QUOTED_INCLUDE_IN_FRAMEWORK_HEADER = YES;
				CLANG_WARN_RANGE_LOOP_ANALYSIS = YES;
				CLANG_WARN_STRICT_PROTOTYPES = YES;
				CLANG_WARN_SUSPICIOUS_MOVE = YES;
				CLANG_WARN_UNGUARDED_AVAILABILITY = YES_AGGRESSIVE;
				CLANG_WARN_UNREACHABLE_CODE = YES;
				CLANG_WARN__DUPLICATE_METHOD_MATCH = YES;
				COPY_PHASE_STRIP = NO;
				DEBUG_INFORMATION_FORMAT = "dwarf-with-dsym";
				ENABLE_NS_ASSERTIONS = NO;
				ENABLE_STRICT_OBJC_MSGSEND = YES;
				GCC_C_LANGUAGE_STANDARD = gnu11;
				GCC_NO_COMMON_BLOCKS = YES;
				GCC_WARN_64_TO_32_BIT_CONVERSION = YES;
				GCC_WARN_ABOUT_RETURN_TYPE = YES_ERROR;
				GCC_WARN_UNDECLARED_SELECTOR = YES;
				GCC_WARN_UNINITIALIZED_AUTOS = YES_AGGRESSIVE;
				GCC_WARN_UNUSED_FUNCTION = YES;
				GCC_WARN_UNUSED_VARIABLE = YES;
				IPHONEOS_DEPLOYMENT_TARGET = 15.4;
				MTL_ENABLE_DEBUG_INFO = NO;
				MTL_FAST_MATH = YES;
				SDKROOT = iphoneos;
				SWIFT_COMPILATION_MODE = wholemodule;
				SWIFT_OPTIMIZATION_LEVEL = "-O";
				VALIDATE_PRODUCT = YES;
			};
			name = Release;
		};
		31DB08AA28212D5C00700E3E /* Debug */ = {
			isa = XCBuildConfiguration;
			buildSettings = {
				ASSETCATALOG_COMPILER_APPICON_NAME = AppIcon;
				ASSETCATALOG_COMPILER_GLOBAL_ACCENT_COLOR_NAME = AccentColor;
				CODE_SIGN_STYLE = Automatic;
				CURRENT_PROJECT_VERSION = 1;
				DEVELOPMENT_ASSET_PATHS = "\"Landmarks/Preview Content\"";
				ENABLE_PREVIEWS = YES;
				GENERATE_INFOPLIST_FILE = YES;
				INFOPLIST_KEY_UIApplicationSceneManifest_Generation = YES;
				INFOPLIST_KEY_UIApplicationSupportsIndirectInputEvents = YES;
				INFOPLIST_KEY_UILaunchScreen_Generation = YES;
				INFOPLIST_KEY_UISupportedInterfaceOrientations_iPad = "UIInterfaceOrientationPortrait UIInterfaceOrientationPortraitUpsideDown UIInterfaceOrientationLandscapeLeft UIInterfaceOrientationLandscapeRight";
				INFOPLIST_KEY_UISupportedInterfaceOrientations_iPhone = "UIInterfaceOrientationPortrait UIInterfaceOrientationLandscapeLeft UIInterfaceOrientationLandscapeRight";
				LD_RUNPATH_SEARCH_PATHS = (
					"$(inherited)",
					"@executable_path/Frameworks",
				);
				MARKETING_VERSION = 1.0;
				PRODUCT_BUNDLE_IDENTIFIER = Zhandos.Landmarks;
				PRODUCT_NAME = "$(TARGET_NAME)";
				SWIFT_EMIT_LOC_STRINGS = YES;
				SWIFT_VERSION = 5.0;
				TARGETED_DEVICE_FAMILY = "1,2";
			};
			name = Debug;
		};
		31DB08AB28212D5C00700E3E /* Release */ = {
			isa = XCBuildConfiguration;
			buildSettings = {
				ASSETCATALOG_COMPILER_APPICON_NAME = AppIcon;
				ASSETCATALOG_COMPILER_GLOBAL_ACCENT_COLOR_NAME = AccentColor;
				CODE_SIGN_STYLE = Automatic;
				CURRENT_PROJECT_VERSION = 1;
				DEVELOPMENT_ASSET_PATHS = "\"Landmarks/Preview Content\"";
				ENABLE_PREVIEWS = YES;
				GENERATE_INFOPLIST_FILE = YES;
				INFOPLIST_KEY_UIApplicationSceneManifest_Generation = YES;
				INFOPLIST_KEY_UIApplicationSupportsIndirectInputEvents = YES;
				INFOPLIST_KEY_UILaunchScreen_Generation = YES;
				INFOPLIST_KEY_UISupportedInterfaceOrientations_iPad = "UIInterfaceOrientationPortrait UIInterfaceOrientationPortraitUpsideDown UIInterfaceOrientationLandscapeLeft UIInterfaceOrientationLandscapeRight";
				INFOPLIST_KEY_UISupportedInterfaceOrientations_iPhone = "UIInterfaceOrientationPortrait UIInterfaceOrientationLandscapeLeft UIInterfaceOrientationLandscapeRight";
				LD_RUNPATH_SEARCH_PATHS = (
					"$(inherited)",
					"@executable_path/Frameworks",
				);
				MARKETING_VERSION = 1.0;
				PRODUCT_BUNDLE_IDENTIFIER = Zhandos.Landmarks;
				PRODUCT_NAME = "$(TARGET_NAME)";
				SWIFT_EMIT_LOC_STRINGS = YES;
				SWIFT_VERSION = 5.0;
				TARGETED_DEVICE_FAMILY = "1,2";
			};
			name = Release;
		};
/* End XCBuildConfiguration section */

/* Begin XCConfigurationList section */
		31DB089628212D5A00700E3E /* Build configuration list for PBXProject "Landmarks" */ = {
			isa = XCConfigurationList;
			buildConfigurations = (
				31DB08A728212D5C00700E3E /* Debug */,
				31DB08A828212D5C00700E3E /* Release */,
			);
			defaultConfigurationIsVisible = 0;
			defaultConfigurationName = Release;
		};
		31DB08A928212D5C00700E3E /* Build configuration list for PBXNativeTarget "Landmarks" */ = {
			isa = XCConfigurationList;
			buildConfigurations = (
				31DB08AA28212D5C00700E3E /* Debug */,
				31DB08AB28212D5C00700E3E /* Release */,
			);
			defaultConfigurationIsVisible = 0;
			defaultConfigurationName = Release;
		};
/* End XCConfigurationList section */
	};
	rootObject = 31DB089328212D5A00700E3E /* Project object */;
}
